
Microsoft Visual Studio Solution File, Format Version 12.00
# Visual Studio 2013
VisualStudioVersion = 12.0.31101.0
MinimumVisualStudioVersion = 10.0.40219.1
Project("{8BC9CEB8-8B4A-11D0-8D11-00A0C91BC942}") = "Steganografia", "Steganografia\Steganografia.vcxproj", "{D07C39FC-7AC6-4F00-A5D2-BAFE6E9EE9AA}"
EndProject
Global
	GlobalSection(SolutionConfigurationPlatforms) = preSolution
		Debug|Win32 = Debug|Win32
		Release|Win32 = Release|Win32
	EndGlobalSection
	GlobalSection(ProjectConfigurationPlatforms) = postSolution
		{D07C39FC-7AC6-4F00-A5D2-BAFE6E9EE9AA}.Debug|Win32.ActiveCfg = Debug|Win32
		{D07C39FC-7AC6-4F00-A5D2-BAFE6E9EE9AA}.Debug|Win32.Build.0 = Debug|Win32
		{D07C39FC-7AC6-4F00-A5D2-BAFE6E9EE9AA}.Release|Win32.ActiveCfg = Release|Win32
		{D07C39FC-7AC6-4F00-A5D2-BAFE6E9EE9AA}.Release|Win32.Build.0 = Release|Win32
	EndGlobalSection
	GlobalSection(SolutionProperties) = preSolution
		HideSolutionNode = FALSE
	EndGlobalSection
EndGlobal
